<Solution>
  <Folder Name="/src/">
    <Project Path="src/Portmark.Cli/Portmark.Cli.csproj" />
    <Project Path="src/Portmark.Core/Portmark.Core.csproj" />
    <Project Path="src/Portmark.Tray/Portmark.Tray.csproj" />
  </Folder>
  <Folder Name="/tests/">
    <Project Path="tests/Portmark.Core.Tests/Portmark.Core.Tests.csproj" />
  </Folder>
</Solution>
